
Microsoft Visual Studio Solution File, Format Version 12.00
# Visual Studio 15
VisualStudioVersion = 15.0.28307.757
MinimumVisualStudioVersion = 10.0.40219.1
Project("{FAE04EC0-301F-11D3-BF4B-00C04F79EFBC}") = "HomeAppliance", "HomeAppliance\HomeAppliance.csproj", "{6225D45D-B5D0-436B-8875-448C0118323C}"
EndProject
Global
	GlobalSection(SolutionConfigurationPlatforms) = preSolution
		Debug|Any CPU = Debug|Any CPU
		Release|Any CPU = Release|Any CPU
	EndGlobalSection
	GlobalSection(ProjectConfigurationPlatforms) = postSolution
		{6225D45D-B5D0-436B-8875-448C0118323C}.Debug|Any CPU.ActiveCfg = Debug|Any CPU
		{6225D45D-B5D0-436B-8875-448C0118323C}.Debug|Any CPU.Build.0 = Debug|Any CPU
		{6225D45D-B5D0-436B-8875-448C0118323C}.Release|Any CPU.ActiveCfg = Release|Any CPU
		{6225D45D-B5D0-436B-8875-448C0118323C}.Release|Any CPU.Build.0 = Release|Any CPU
	EndGlobalSection
	GlobalSection(SolutionProperties) = preSolution
		HideSolutionNode = FALSE
	EndGlobalSection
	GlobalSection(ExtensibilityGlobals) = postSolution
		SolutionGuid = {C9261BF7-C0EC-4973-A267-ED9EEB659F94}
	EndGlobalSection
EndGlobal
